// !$*UTF8*$!
{
	archiveVersion = 1;
	classes = {
	};
	objectVersion = 77;
	objects = {

/* Begin PBXBuildFile section */
		480228B72E4B566E0038293B /* AppModel.swift in Sources */ = {isa = PBXBuildFile; fileRef = 480228B62E4B566E0038293B /* AppModel.swift */; };
		480228BB2E4B5DE00038293B /* ImageProcessor.swift in Sources */ = {isa = PBXBuildFile; fileRef = 480228BA2E4B5DE00038293B /* ImageProcessor.swift */; };
		4875C08A2E4CEA19008DE9EC /* Assets.xcassets in Resources */ = {isa = PBXBuildFile; fileRef = 4875C0892E4CEA19008DE9EC /* Assets.xcassets */; };
		4887BFF72E466358000BE4AC /* KeychainHelper.swift in Sources */ = {isa = PBXBuildFile; fileRef = 4887BFEC2E466358000BE4AC /* KeychainHelper.swift */; };
		4887BFFB2E466358000BE4AC /* RootView.swift in Sources */ = {isa = PBXBuildFile; fileRef = 4887BFF12E466358000BE4AC /* RootView.swift */; };
		4887BFFC2E466358000BE4AC /* InstaFlowApp.swift in Sources */ = {isa = PBXBuildFile; fileRef = 4887BFEB2E466358000BE4AC /* InstaFlowApp.swift */; };
		4887BFFD2E466358000BE4AC /* OpenAIService.swift in Sources */ = {isa = PBXBuildFile; fileRef = 4887BFEE2E466358000BE4AC /* OpenAIService.swift */; };
		4887BFFF2E466358000BE4AC /* SettingsView.swift in Sources */ = {isa = PBXBuildFile; fileRef = 4887BFF22E466358000BE4AC /* SettingsView.swift */; };
		4887C0082E46644A000BE4AC /* OptionsCaptionsView.swift in Sources */ = {isa = PBXBuildFile; fileRef = 4887C0062E46644A000BE4AC /* OptionsCaptionsView.swift */; };
		4887C00A2E466466000BE4AC /* FolderPickerView.swift in Sources */ = {isa = PBXBuildFile; fileRef = 4887C0092E466466000BE4AC /* FolderPickerView.swift */; };
		4887C00C2E4666AD000BE4AC /* FinalPreviewView.swift in Sources */ = {isa = PBXBuildFile; fileRef = 4887C00B2E4666AD000BE4AC /* FinalPreviewView.swift */; };
		4887C0132E46677F000BE4AC /* Models.swift in Sources */ = {isa = PBXBuildFile; fileRef = 4887C0122E46677F000BE4AC /* Models.swift */; };
		4887C01E2E466AF1000BE4AC /* CarouselPreview.swift in Sources */ = {isa = PBXBuildFile; fileRef = 4887C01D2E466AF1000BE4AC /* CarouselPreview.swift */; };
		4887C0402E47A371000BE4AC /* CaptionsView.swift in Sources */ = {isa = PBXBuildFile; fileRef = 4887C03F2E47A371000BE4AC /* CaptionsView.swift */; };
		4887C0422E47A49B000BE4AC /* ChatStore.swift in Sources */ = {isa = PBXBuildFile; fileRef = 4887C0412E47A49B000BE4AC /* ChatStore.swift */; };
		4887C0442E47B5DC000BE4AC /* PromptStore.swift in Sources */ = {isa = PBXBuildFile; fileRef = 4887C0432E47B5DC000BE4AC /* PromptStore.swift */; };
		4887C04A2E48BF84000BE4AC /* ChatModels.swift in Sources */ = {isa = PBXBuildFile; fileRef = 4887C0492E48BF7F000BE4AC /* ChatModels.swift */; };
		488DEBB42E48E6EF00D2C2E2 /* RightPreviewPane.swift in Sources */ = {isa = PBXBuildFile; fileRef = 488DEBB32E48E6E600D2C2E2 /* RightPreviewPane.swift */; };
		48A68A792E5F71FA007A0509 /* SelectionsView.BottomBar.swift in Sources */ = {isa = PBXBuildFile; fileRef = 48A68A702E5F71FA007A0509 /* SelectionsView.BottomBar.swift */; };
		48A68A7A2E5F71FA007A0509 /* PositionedImageView.swift in Sources */ = {isa = PBXBuildFile; fileRef = 48A68A6B2E5F71FA007A0509 /* PositionedImageView.swift */; };
		48A68A7B2E5F71FA007A0509 /* RepositionOverlayView.swift in Sources */ = {isa = PBXBuildFile; fileRef = 48A68A6E2E5F71FA007A0509 /* RepositionOverlayView.swift */; };
		48A68A7C2E5F71FA007A0509 /* SelectionsView.ThumbnailItem.swift in Sources */ = {isa = PBXBuildFile; fileRef = 48A68A742E5F71FA007A0509 /* SelectionsView.ThumbnailItem.swift */; };
		48A68A7D2E5F71FA007A0509 /* ThumbView.swift in Sources */ = {isa = PBXBuildFile; fileRef = 48A68A762E5F71FA007A0509 /* ThumbView.swift */; };
		48A68A7E2E5F71FA007A0509 /* ColorOption.swift in Sources */ = {isa = PBXBuildFile; fileRef = 48A68A642E5F71FA007A0509 /* ColorOption.swift */; };
		48A68A7F2E5F71FA007A0509 /* DragRepositionSheet.swift in Sources */ = {isa = PBXBuildFile; fileRef = 48A68A662E5F71FA007A0509 /* DragRepositionSheet.swift */; };
		48A68A802E5F71FA007A0509 /* SelectionsView.Header.swift in Sources */ = {isa = PBXBuildFile; fileRef = 48A68A732E5F71FA007A0509 /* SelectionsView.Header.swift */; };
		48A68A812E5F71FA007A0509 /* FullImageView.swift in Sources */ = {isa = PBXBuildFile; fileRef = 48A68A682E5F71FA007A0509 /* FullImageView.swift */; };
		48A68A822E5F71FA007A0509 /* RepositionDraggableView.swift in Sources */ = {isa = PBXBuildFile; fileRef = 48A68A6D2E5F71FA007A0509 /* RepositionDraggableView.swift */; };
		48A68A832E5F71FA007A0509 /* SelectionsView.Core.swift in Sources */ = {isa = PBXBuildFile; fileRef = 48A68A722E5F71FA007A0509 /* SelectionsView.Core.swift */; };
		48A68A842E5F71FA007A0509 /* SelectionsView.Controls.swift in Sources */ = {isa = PBXBuildFile; fileRef = 48A68A712E5F71FA007A0509 /* SelectionsView.Controls.swift */; };
		48A68A852E5F71FA007A0509 /* ProjectSnapshot.swift in Sources */ = {isa = PBXBuildFile; fileRef = 48A68A6C2E5F71FA007A0509 /* ProjectSnapshot.swift */; };
		48A68A862E5F71FA007A0509 /* DropDelegateImpl.swift in Sources */ = {isa = PBXBuildFile; fileRef = 48A68A672E5F71FA007A0509 /* DropDelegateImpl.swift */; };
		48A68A872E5F71FA007A0509 /* ViewMode.swift in Sources */ = {isa = PBXBuildFile; fileRef = 48A68A772E5F71FA007A0509 /* ViewMode.swift */; };
		48A68A882E5F71FA007A0509 /* HistoryManager.swift in Sources */ = {isa = PBXBuildFile; fileRef = 48A68A692E5F71FA007A0509 /* HistoryManager.swift */; };
		48A68A892E5F71FA007A0509 /* SelectionsView.Thumbnails.swift in Sources */ = {isa = PBXBuildFile; fileRef = 48A68A752E5F71FA007A0509 /* SelectionsView.Thumbnails.swift */; };
		48A68A8B2E5F71FA007A0509 /* Notifications.swift in Sources */ = {isa = PBXBuildFile; fileRef = 48A68A6A2E5F71FA007A0509 /* Notifications.swift */; };
		48A68A8C2E5F71FA007A0509 /* DraggableImageViewOld.swift in Sources */ = {isa = PBXBuildFile; fileRef = 48A68A652E5F71FA007A0509 /* DraggableImageViewOld.swift */; };
		48A68A8E2E5F757A007A0509 /* FinalPreviewExport.swift in Sources */ = {isa = PBXBuildFile; fileRef = 48A68A8D2E5F7566007A0509 /* FinalPreviewExport.swift */; };
		48F84F762E4CBC1000F21C91 /* GlobalTapHotkey.swift in Sources */ = {isa = PBXBuildFile; fileRef = 48F84F752E4CBC0F00F21C91 /* GlobalTapHotkey.swift */; };
		48F84F782E4CBC2100F21C91 /* TapTempo.swift in Sources */ = {isa = PBXBuildFile; fileRef = 48F84F772E4CBC1F00F21C91 /* TapTempo.swift */; };
/* End PBXBuildFile section */

/* Begin PBXContainerItemProxy section */
		4887BFBA2E465EBB000BE4AC /* PBXContainerItemProxy */ = {
			isa = PBXContainerItemProxy;
			containerPortal = 4887BFA32E465EB9000BE4AC /* Project object */;
			proxyType = 1;
			remoteGlobalIDString = 4887BFAA2E465EB9000BE4AC;
			remoteInfo = InstaFlow;
		};
		4887BFC42E465EBB000BE4AC /* PBXContainerItemProxy */ = {
			isa = PBXContainerItemProxy;
			containerPortal = 4887BFA32E465EB9000BE4AC /* Project object */;
			proxyType = 1;
			remoteGlobalIDString = 4887BFAA2E465EB9000BE4AC;
			remoteInfo = InstaFlow;
		};
/* End PBXContainerItemProxy section */

/* Begin PBXFileReference section */
		480228B62E4B566E0038293B /* AppModel.swift */ = {isa = PBXFileReference; lastKnownFileType = sourcecode.swift; path = AppModel.swift; sourceTree = "<group>"; };
		480228BA2E4B5DE00038293B /* ImageProcessor.swift */ = {isa = PBXFileReference; lastKnownFileType = sourcecode.swift; path = ImageProcessor.swift; sourceTree = "<group>"; };
		4817711D2E6DD493008E2EFA /* InstaFlow.entitlements */ = {isa = PBXFileReference; lastKnownFileType = text.plist.entitlements; path = InstaFlow.entitlements; sourceTree = "<group>"; };
		4875C0892E4CEA19008DE9EC /* Assets.xcassets */ = {isa = PBXFileReference; lastKnownFileType = folder.assetcatalog; path = Assets.xcassets; sourceTree = "<group>"; };
		4887BFEB2E466358000BE4AC /* InstaFlowApp.swift */ = {isa = PBXFileReference; lastKnownFileType = sourcecode.swift; path = InstaFlowApp.swift; sourceTree = "<group>"; };
		4887BFEC2E466358000BE4AC /* KeychainHelper.swift */ = {isa = PBXFileReference; lastKnownFileType = sourcecode.swift; path = KeychainHelper.swift; sourceTree = "<group>"; };
		4887BFEE2E466358000BE4AC /* OpenAIService.swift */ = {isa = PBXFileReference; lastKnownFileType = sourcecode.swift; path = OpenAIService.swift; sourceTree = "<group>"; };
		4887BFF12E466358000BE4AC /* RootView.swift */ = {isa = PBXFileReference; lastKnownFileType = sourcecode.swift; path = RootView.swift; sourceTree = "<group>"; };
		4887BFF22E466358000BE4AC /* SettingsView.swift */ = {isa = PBXFileReference; lastKnownFileType = sourcecode.swift; path = SettingsView.swift; sourceTree = "<group>"; };
		4887C0002E46635C000BE4AC /* CreateFlow.app */ = {isa = PBXFileReference; explicitFileType = wrapper.application; includeInIndex = 0; path = CreateFlow.app; sourceTree = BUILT_PRODUCTS_DIR; };
		4887C0062E46644A000BE4AC /* OptionsCaptionsView.swift */ = {isa = PBXFileReference; lastKnownFileType = sourcecode.swift; path = OptionsCaptionsView.swift; sourceTree = "<group>"; };
		4887C0092E466466000BE4AC /* FolderPickerView.swift */ = {isa = PBXFileReference; lastKnownFileType = sourcecode.swift; path = FolderPickerView.swift; sourceTree = "<group>"; };
		4887C00B2E4666AD000BE4AC /* FinalPreviewView.swift */ = {isa = PBXFileReference; lastKnownFileType = sourcecode.swift; path = FinalPreviewView.swift; sourceTree = "<group>"; };
		4887C0122E46677F000BE4AC /* Models.swift */ = {isa = PBXFileReference; lastKnownFileType = sourcecode.swift; path = Models.swift; sourceTree = "<group>"; };
		4887C01D2E466AF1000BE4AC /* CarouselPreview.swift */ = {isa = PBXFileReference; lastKnownFileType = sourcecode.swift; path = CarouselPreview.swift; sourceTree = "<group>"; };
		4887C03F2E47A371000BE4AC /* CaptionsView.swift */ = {isa = PBXFileReference; lastKnownFileType = sourcecode.swift; path = CaptionsView.swift; sourceTree = "<group>"; };
		4887C0412E47A49B000BE4AC /* ChatStore.swift */ = {isa = PBXFileReference; lastKnownFileType = sourcecode.swift; path = ChatStore.swift; sourceTree = "<group>"; };
		4887C0432E47B5DC000BE4AC /* PromptStore.swift */ = {isa = PBXFileReference; lastKnownFileType = sourcecode.swift; path = PromptStore.swift; sourceTree = "<group>"; };
		4887C0492E48BF7F000BE4AC /* ChatModels.swift */ = {isa = PBXFileReference; lastKnownFileType = sourcecode.swift; path = ChatModels.swift; sourceTree = "<group>"; };
		488DEBB12E48CA9F00D2C2E2 /* CreateFlowTests.xctest */ = {isa = PBXFileReference; explicitFileType = wrapper.cfbundle; includeInIndex = 0; path = CreateFlowTests.xctest; sourceTree = BUILT_PRODUCTS_DIR; };
		488DEBB22E48CA9F00D2C2E2 /* CreateFlowUITests.xctest */ = {isa = PBXFileReference; explicitFileType = wrapper.cfbundle; includeInIndex = 0; path = CreateFlowUITests.xctest; sourceTree = BUILT_PRODUCTS_DIR; };
		488DEBB32E48E6E600D2C2E2 /* RightPreviewPane.swift */ = {isa = PBXFileReference; lastKnownFileType = sourcecode.swift; path = RightPreviewPane.swift; sourceTree = "<group>"; };
		48A68A642E5F71FA007A0509 /* ColorOption.swift */ = {isa = PBXFileReference; lastKnownFileType = sourcecode.swift; path = ColorOption.swift; sourceTree = "<group>"; };
		48A68A652E5F71FA007A0509 /* DraggableImageViewOld.swift */ = {isa = PBXFileReference; lastKnownFileType = sourcecode.swift; path = DraggableImageViewOld.swift; sourceTree = "<group>"; };
		48A68A662E5F71FA007A0509 /* DragRepositionSheet.swift */ = {isa = PBXFileReference; lastKnownFileType = sourcecode.swift; path = DragRepositionSheet.swift; sourceTree = "<group>"; };
		48A68A672E5F71FA007A0509 /* DropDelegateImpl.swift */ = {isa = PBXFileReference; lastKnownFileType = sourcecode.swift; path = DropDelegateImpl.swift; sourceTree = "<group>"; };
		48A68A682E5F71FA007A0509 /* FullImageView.swift */ = {isa = PBXFileReference; lastKnownFileType = sourcecode.swift; path = FullImageView.swift; sourceTree = "<group>"; };
		48A68A692E5F71FA007A0509 /* HistoryManager.swift */ = {isa = PBXFileReference; lastKnownFileType = sourcecode.swift; path = HistoryManager.swift; sourceTree = "<group>"; };
		48A68A6A2E5F71FA007A0509 /* Notifications.swift */ = {isa = PBXFileReference; lastKnownFileType = sourcecode.swift; path = Notifications.swift; sourceTree = "<group>"; };
		48A68A6B2E5F71FA007A0509 /* PositionedImageView.swift */ = {isa = PBXFileReference; lastKnownFileType = sourcecode.swift; path = PositionedImageView.swift; sourceTree = "<group>"; };
		48A68A6C2E5F71FA007A0509 /* ProjectSnapshot.swift */ = {isa = PBXFileReference; lastKnownFileType = sourcecode.swift; path = ProjectSnapshot.swift; sourceTree = "<group>"; };
		48A68A6D2E5F71FA007A0509 /* RepositionDraggableView.swift */ = {isa = PBXFileReference; lastKnownFileType = sourcecode.swift; path = RepositionDraggableView.swift; sourceTree = "<group>"; };
		48A68A6E2E5F71FA007A0509 /* RepositionOverlayView.swift */ = {isa = PBXFileReference; lastKnownFileType = sourcecode.swift; name = RepositionOverlayView.swift; path = RepositionOverlayView.swift; sourceTree = SOURCE_ROOT; };
		48A68A702E5F71FA007A0509 /* SelectionsView.BottomBar.swift */ = {isa = PBXFileReference; lastKnownFileType = sourcecode.swift; path = SelectionsView.BottomBar.swift; sourceTree = "<group>"; };
		48A68A712E5F71FA007A0509 /* SelectionsView.Controls.swift */ = {isa = PBXFileReference; lastKnownFileType = sourcecode.swift; path = SelectionsView.Controls.swift; sourceTree = "<group>"; };
		48A68A722E5F71FA007A0509 /* SelectionsView.Core.swift */ = {isa = PBXFileReference; lastKnownFileType = sourcecode.swift; path = SelectionsView.Core.swift; sourceTree = "<group>"; };
		48A68A732E5F71FA007A0509 /* SelectionsView.Header.swift */ = {isa = PBXFileReference; lastKnownFileType = sourcecode.swift; path = SelectionsView.Header.swift; sourceTree = "<group>"; };
		48A68A742E5F71FA007A0509 /* SelectionsView.ThumbnailItem.swift */ = {isa = PBXFileReference; lastKnownFileType = sourcecode.swift; path = SelectionsView.ThumbnailItem.swift; sourceTree = "<group>"; };
		48A68A752E5F71FA007A0509 /* SelectionsView.Thumbnails.swift */ = {isa = PBXFileReference; lastKnownFileType = sourcecode.swift; path = SelectionsView.Thumbnails.swift; sourceTree = "<group>"; };
		48A68A762E5F71FA007A0509 /* ThumbView.swift */ = {isa = PBXFileReference; lastKnownFileType = sourcecode.swift; path = ThumbView.swift; sourceTree = "<group>"; };
		48A68A772E5F71FA007A0509 /* ViewMode.swift */ = {isa = PBXFileReference; lastKnownFileType = sourcecode.swift; path = ViewMode.swift; sourceTree = "<group>"; };
		48A68A8D2E5F7566007A0509 /* FinalPreviewExport.swift */ = {isa = PBXFileReference; lastKnownFileType = sourcecode.swift; path = FinalPreviewExport.swift; sourceTree = "<group>"; };
		48F84F752E4CBC0F00F21C91 /* GlobalTapHotkey.swift */ = {isa = PBXFileReference; lastKnownFileType = sourcecode.swift; path = GlobalTapHotkey.swift; sourceTree = "<group>"; };
		48F84F772E4CBC1F00F21C91 /* TapTempo.swift */ = {isa = PBXFileReference; lastKnownFileType = sourcecode.swift; path = TapTempo.swift; sourceTree = "<group>"; };
/* End PBXFileReference section */

/* Begin PBXFrameworksBuildPhase section */
		4887BFA82E465EB9000BE4AC /* Frameworks */ = {
			isa = PBXFrameworksBuildPhase;
			buildActionMask = 2147483647;
			files = (
			);
			runOnlyForDeploymentPostprocessing = 0;
		};
		4887BFB62E465EBB000BE4AC /* Frameworks */ = {
			isa = PBXFrameworksBuildPhase;
			buildActionMask = 2147483647;
			files = (
			);
			runOnlyForDeploymentPostprocessing = 0;
		};
		4887BFC02E465EBB000BE4AC /* Frameworks */ = {
			isa = PBXFrameworksBuildPhase;
			buildActionMask = 2147483647;
			files = (
			);
			runOnlyForDeploymentPostprocessing = 0;
		};
/* End PBXFrameworksBuildPhase section */

/* Begin PBXGroup section */
		4887BFA22E465EB9000BE4AC = {
			isa = PBXGroup;
			children = (
				4817711D2E6DD493008E2EFA /* InstaFlow.entitlements */,
				480228B62E4B566E0038293B /* AppModel.swift */,
				4875C0892E4CEA19008DE9EC /* Assets.xcassets */,
				4887C03F2E47A371000BE4AC /* CaptionsView.swift */,
				4887C01D2E466AF1000BE4AC /* CarouselPreview.swift */,
				4887C0492E48BF7F000BE4AC /* ChatModels.swift */,
				4887C0412E47A49B000BE4AC /* ChatStore.swift */,
				48A68A8D2E5F7566007A0509 /* FinalPreviewExport.swift */,
				4887C00B2E4666AD000BE4AC /* FinalPreviewView.swift */,
				4887C0092E466466000BE4AC /* FolderPickerView.swift */,
				48F84F752E4CBC0F00F21C91 /* GlobalTapHotkey.swift */,
				480228BA2E4B5DE00038293B /* ImageProcessor.swift */,
				4887C0002E46635C000BE4AC /* CreateFlow.app */,
				4887BFEB2E466358000BE4AC /* InstaFlowApp.swift */,
				488DEBB12E48CA9F00D2C2E2 /* CreateFlowTests.xctest */,
				488DEBB22E48CA9F00D2C2E2 /* CreateFlowUITests.xctest */,
				4887BFEC2E466358000BE4AC /* KeychainHelper.swift */,
				4887C0122E46677F000BE4AC /* Models.swift */,
				48A68A782E5F71FA007A0509 /* New Group */,
				4887BFEE2E466358000BE4AC /* OpenAIService.swift */,
				4887C0062E46644A000BE4AC /* OptionsCaptionsView.swift */,
				4887C0432E47B5DC000BE4AC /* PromptStore.swift */,
				48A68A6E2E5F71FA007A0509 /* RepositionOverlayView.swift */,
				488DEBB32E48E6E600D2C2E2 /* RightPreviewPane.swift */,
				4887BFF12E466358000BE4AC /* RootView.swift */,
				4887BFF22E466358000BE4AC /* SettingsView.swift */,
				48F84F772E4CBC1F00F21C91 /* TapTempo.swift */,
			);
			sourceTree = "<group>";
		};
		48A68A782E5F71FA007A0509 /* New Group */ = {
			isa = PBXGroup;
			children = (
				48A68A642E5F71FA007A0509 /* ColorOption.swift */,
				48A68A652E5F71FA007A0509 /* DraggableImageViewOld.swift */,
				48A68A662E5F71FA007A0509 /* DragRepositionSheet.swift */,
				48A68A672E5F71FA007A0509 /* DropDelegateImpl.swift */,
				48A68A682E5F71FA007A0509 /* FullImageView.swift */,
				48A68A692E5F71FA007A0509 /* HistoryManager.swift */,
				48A68A6A2E5F71FA007A0509 /* Notifications.swift */,
				48A68A6B2E5F71FA007A0509 /* PositionedImageView.swift */,
				48A68A6C2E5F71FA007A0509 /* ProjectSnapshot.swift */,
				48A68A6D2E5F71FA007A0509 /* RepositionDraggableView.swift */,
				48A68A702E5F71FA007A0509 /* SelectionsView.BottomBar.swift */,
				48A68A712E5F71FA007A0509 /* SelectionsView.Controls.swift */,
				48A68A722E5F71FA007A0509 /* SelectionsView.Core.swift */,
				48A68A732E5F71FA007A0509 /* SelectionsView.Header.swift */,
				48A68A742E5F71FA007A0509 /* SelectionsView.ThumbnailItem.swift */,
				48A68A752E5F71FA007A0509 /* SelectionsView.Thumbnails.swift */,
				48A68A762E5F71FA007A0509 /* ThumbView.swift */,
				48A68A772E5F71FA007A0509 /* ViewMode.swift */,
			);
			path = "New Group";
			sourceTree = "<group>";
		};
/* End PBXGroup section */

/* Begin PBXNativeTarget section */
		4887BFAA2E465EB9000BE4AC /* CreateFlow */ = {
			isa = PBXNativeTarget;
			buildConfigurationList = 4887BFCD2E465EBB000BE4AC /* Build configuration list for PBXNativeTarget "CreateFlow" */;
			buildPhases = (
				4887BFA72E465EB9000BE4AC /* Sources */,
				4887BFA82E465EB9000BE4AC /* Frameworks */,
				4887BFA92E465EB9000BE4AC /* Resources */,
			);
			buildRules = (
			);
			dependencies = (
			);
			name = CreateFlow;
			packageProductDependencies = (
			);
			productName = InstaFlow;
			productReference = 4887C0002E46635C000BE4AC /* CreateFlow.app */;
			productType = "com.apple.product-type.application";
		};
		4887BFB82E465EBB000BE4AC /* CreateFlowTests */ = {
			isa = PBXNativeTarget;
			buildConfigurationList = 4887BFD02E465EBB000BE4AC /* Build configuration list for PBXNativeTarget "CreateFlowTests" */;
			buildPhases = (
				4887BFB52E465EBB000BE4AC /* Sources */,
				4887BFB62E465EBB000BE4AC /* Frameworks */,
				4887BFB72E465EBB000BE4AC /* Resources */,
			);
			buildRules = (
			);
			dependencies = (
				4887BFBB2E465EBB000BE4AC /* PBXTargetDependency */,
			);
			name = CreateFlowTests;
			packageProductDependencies = (
			);
			productName = InstaFlowTests;
			productReference = 488DEBB12E48CA9F00D2C2E2 /* CreateFlowTests.xctest */;
			productType = "com.apple.product-type.bundle.unit-test";
		};
		4887BFC22E465EBB000BE4AC /* CreateFlowUITests */ = {
			isa = PBXNativeTarget;
			buildConfigurationList = 4887BFD32E465EBB000BE4AC /* Build configuration list for PBXNativeTarget "CreateFlowUITests" */;
			buildPhases = (
				4887BFBF2E465EBB000BE4AC /* Sources */,
				4887BFC02E465EBB000BE4AC /* Frameworks */,
				4887BFC12E465EBB000BE4AC /* Resources */,
			);
			buildRules = (
			);
			dependencies = (
				4887BFC52E465EBB000BE4AC /* PBXTargetDependency */,
			);
			name = CreateFlowUITests;
			packageProductDependencies = (
			);
			productName = InstaFlowUITests;
			productReference = 488DEBB22E48CA9F00D2C2E2 /* CreateFlowUITests.xctest */;
			productType = "com.apple.product-type.bundle.ui-testing";
		};
/* End PBXNativeTarget section */

/* Begin PBXProject section */
		4887BFA32E465EB9000BE4AC /* Project object */ = {
			isa = PBXProject;
			attributes = {
				BuildIndependentTargetsInParallel = 1;
				LastSwiftUpdateCheck = 1640;
				LastUpgradeCheck = 1640;
				TargetAttributes = {
					4887BFAA2E465EB9000BE4AC = {
						CreatedOnToolsVersion = 16.4;
						LastSwiftMigration = 1640;
					};
					4887BFB82E465EBB000BE4AC = {
						CreatedOnToolsVersion = 16.4;
						TestTargetID = 4887BFAA2E465EB9000BE4AC;
					};
					4887BFC22E465EBB000BE4AC = {
						CreatedOnToolsVersion = 16.4;
						TestTargetID = 4887BFAA2E465EB9000BE4AC;
					};
				};
			};
			buildConfigurationList = 4887BFA62E465EB9000BE4AC /* Build configuration list for PBXProject "CreateFlow" */;
			developmentRegion = en;
			hasScannedForEncodings = 0;
			knownRegions = (
				en,
				Base,
			);
			mainGroup = 4887BFA22E465EB9000BE4AC;
			minimizedProjectReferenceProxies = 1;
			preferredProjectObjectVersion = 77;
			productRefGroup = 4887BFA22E465EB9000BE4AC;
			projectDirPath = "";
			projectRoot = "";
			targets = (
				4887BFAA2E465EB9000BE4AC /* CreateFlow */,
				4887BFB82E465EBB000BE4AC /* CreateFlowTests */,
				4887BFC22E465EBB000BE4AC /* CreateFlowUITests */,
			);
		};
/* End PBXProject section */

/* Begin PBXResourcesBuildPhase section */
		4887BFA92E465EB9000BE4AC /* Resources */ = {
			isa = PBXResourcesBuildPhase;
			buildActionMask = 2147483647;
			files = (
				4875C08A2E4CEA19008DE9EC /* Assets.xcassets in Resources */,
			);
			runOnlyForDeploymentPostprocessing = 0;
		};
		4887BFB72E465EBB000BE4AC /* Resources */ = {
			isa = PBXResourcesBuildPhase;
			buildActionMask = 2147483647;
			files = (
			);
			runOnlyForDeploymentPostprocessing = 0;
		};
		4887BFC12E465EBB000BE4AC /* Resources */ = {
			isa = PBXResourcesBuildPhase;
			buildActionMask = 2147483647;
			files = (
			);
			runOnlyForDeploymentPostprocessing = 0;
		};
/* End PBXResourcesBuildPhase section */

/* Begin PBXSourcesBuildPhase section */
		4887BFA72E465EB9000BE4AC /* Sources */ = {
			isa = PBXSourcesBuildPhase;
			buildActionMask = 2147483647;
			files = (
				4887BFF72E466358000BE4AC /* KeychainHelper.swift in Sources */,
				48F84F762E4CBC1000F21C91 /* GlobalTapHotkey.swift in Sources */,
				4887C0082E46644A000BE4AC /* OptionsCaptionsView.swift in Sources */,
				4887C01E2E466AF1000BE4AC /* CarouselPreview.swift in Sources */,
				4887C0422E47A49B000BE4AC /* ChatStore.swift in Sources */,
				48A68A8E2E5F757A007A0509 /* FinalPreviewExport.swift in Sources */,
				4887C0132E46677F000BE4AC /* Models.swift in Sources */,
				4887C00C2E4666AD000BE4AC /* FinalPreviewView.swift in Sources */,
				48F84F782E4CBC2100F21C91 /* TapTempo.swift in Sources */,
				4887C00A2E466466000BE4AC /* FolderPickerView.swift in Sources */,
				4887C0402E47A371000BE4AC /* CaptionsView.swift in Sources */,
				4887BFFB2E466358000BE4AC /* RootView.swift in Sources */,
				4887C0442E47B5DC000BE4AC /* PromptStore.swift in Sources */,
				480228BB2E4B5DE00038293B /* ImageProcessor.swift in Sources */,
				4887BFFC2E466358000BE4AC /* InstaFlowApp.swift in Sources */,
				488DEBB42E48E6EF00D2C2E2 /* RightPreviewPane.swift in Sources */,
				480228B72E4B566E0038293B /* AppModel.swift in Sources */,
				4887BFFD2E466358000BE4AC /* OpenAIService.swift in Sources */,
				48A68A792E5F71FA007A0509 /* SelectionsView.BottomBar.swift in Sources */,
				48A68A7A2E5F71FA007A0509 /* PositionedImageView.swift in Sources */,
				48A68A7B2E5F71FA007A0509 /* RepositionOverlayView.swift in Sources */,
				48A68A7C2E5F71FA007A0509 /* SelectionsView.ThumbnailItem.swift in Sources */,
				48A68A7D2E5F71FA007A0509 /* ThumbView.swift in Sources */,
				48A68A7E2E5F71FA007A0509 /* ColorOption.swift in Sources */,
				48A68A7F2E5F71FA007A0509 /* DragRepositionSheet.swift in Sources */,
				48A68A802E5F71FA007A0509 /* SelectionsView.Header.swift in Sources */,
				48A68A812E5F71FA007A0509 /* FullImageView.swift in Sources */,
				48A68A822E5F71FA007A0509 /* RepositionDraggableView.swift in Sources */,
				48A68A832E5F71FA007A0509 /* SelectionsView.Core.swift in Sources */,
				48A68A842E5F71FA007A0509 /* SelectionsView.Controls.swift in Sources */,
				48A68A852E5F71FA007A0509 /* ProjectSnapshot.swift in Sources */,
				48A68A862E5F71FA007A0509 /* DropDelegateImpl.swift in Sources */,
				48A68A872E5F71FA007A0509 /* ViewMode.swift in Sources */,
				48A68A882E5F71FA007A0509 /* HistoryManager.swift in Sources */,
				48A68A892E5F71FA007A0509 /* SelectionsView.Thumbnails.swift in Sources */,
				48A68A8B2E5F71FA007A0509 /* Notifications.swift in Sources */,
				48A68A8C2E5F71FA007A0509 /* DraggableImageViewOld.swift in Sources */,
				4887BFFF2E466358000BE4AC /* SettingsView.swift in Sources */,
				4887C04A2E48BF84000BE4AC /* ChatModels.swift in Sources */,
			);
			runOnlyForDeploymentPostprocessing = 0;
		};
		4887BFB52E465EBB000BE4AC /* Sources */ = {
			isa = PBXSourcesBuildPhase;
			buildActionMask = 2147483647;
			files = (
			);
			runOnlyForDeploymentPostprocessing = 0;
		};
		4887BFBF2E465EBB000BE4AC /* Sources */ = {
			isa = PBXSourcesBuildPhase;
			buildActionMask = 2147483647;
			files = (
			);
			runOnlyForDeploymentPostprocessing = 0;
		};
/* End PBXSourcesBuildPhase section */

/* Begin PBXTargetDependency section */
		4887BFBB2E465EBB000BE4AC /* PBXTargetDependency */ = {
			isa = PBXTargetDependency;
			target = 4887BFAA2E465EB9000BE4AC /* CreateFlow */;
			targetProxy = 4887BFBA2E465EBB000BE4AC /* PBXContainerItemProxy */;
		};
		4887BFC52E465EBB000BE4AC /* PBXTargetDependency */ = {
			isa = PBXTargetDependency;
			target = 4887BFAA2E465EB9000BE4AC /* CreateFlow */;
			targetProxy = 4887BFC42E465EBB000BE4AC /* PBXContainerItemProxy */;
		};
/* End PBXTargetDependency section */

/* Begin XCBuildConfiguration section */
		4887BFCB2E465EBB000BE4AC /* Debug */ = {
			isa = XCBuildConfiguration;
			buildSettings = {
				ALWAYS_SEARCH_USER_PATHS = NO;
				ASSETCATALOG_COMPILER_GENERATE_SWIFT_ASSET_SYMBOL_EXTENSIONS = YES;
				CLANG_ANALYZER_NONNULL = YES;
				CLANG_ANALYZER_NUMBER_OBJECT_CONVERSION = YES_AGGRESSIVE;
				CLANG_CXX_LANGUAGE_STANDARD = "gnu++20";
				CLANG_ENABLE_MODULES = YES;
				CLANG_ENABLE_OBJC_ARC = YES;
				CLANG_ENABLE_OBJC_WEAK = YES;
				CLANG_WARN_BLOCK_CAPTURE_AUTORELEASING = YES;
				CLANG_WARN_BOOL_CONVERSION = YES;
				CLANG_WARN_COMMA = YES;
				CLANG_WARN_CONSTANT_CONVERSION = YES;
				CLANG_WARN_DEPRECATED_OBJC_IMPLEMENTATIONS = YES;
				CLANG_WARN_DIRECT_OBJC_ISA_USAGE = YES_ERROR;
				CLANG_WARN_DOCUMENTATION_COMMENTS = YES;
				CLANG_WARN_EMPTY_BODY = YES;
				CLANG_WARN_ENUM_CONVERSION = YES;
				CLANG_WARN_INFINITE_RECURSION = YES;
				CLANG_WARN_INT_CONVERSION = YES;
				CLANG_WARN_NON_LITERAL_NULL_CONVERSION = YES;
				CLANG_WARN_OBJC_IMPLICIT_RETAIN_SELF = YES;
				CLANG_WARN_OBJC_LITERAL_CONVERSION = YES;
				CLANG_WARN_OBJC_ROOT_CLASS = YES_ERROR;
				CLANG_WARN_QUOTED_INCLUDE_IN_FRAMEWORK_HEADER = YES;
				CLANG_WARN_RANGE_LOOP_ANALYSIS = YES;
				CLANG_WARN_STRICT_PROTOTYPES = YES;
				CLANG_WARN_SUSPICIOUS_MOVE = YES;
				CLANG_WARN_UNGUARDED_AVAILABILITY = YES_AGGRESSIVE;
				CLANG_WARN_UNREACHABLE_CODE = YES;
				CLANG_WARN__DUPLICATE_METHOD_MATCH = YES;
				COPY_PHASE_STRIP = NO;
				DEBUG_INFORMATION_FORMAT = dwarf;
				ENABLE_STRICT_OBJC_MSGSEND = YES;
				ENABLE_TESTABILITY = YES;
				ENABLE_USER_SCRIPT_SANDBOXING = YES;
				GCC_C_LANGUAGE_STANDARD = gnu17;
				GCC_DYNAMIC_NO_PIC = NO;
				GCC_NO_COMMON_BLOCKS = YES;
				GCC_OPTIMIZATION_LEVEL = 0;
				GCC_PREPROCESSOR_DEFINITIONS = (
					"DEBUG=1",
					"$(inherited)",
				);
				GCC_WARN_64_TO_32_BIT_CONVERSION = YES;
				GCC_WARN_ABOUT_RETURN_TYPE = YES_ERROR;
				GCC_WARN_UNDECLARED_SELECTOR = YES;
				GCC_WARN_UNINITIALIZED_AUTOS = YES_AGGRESSIVE;
				GCC_WARN_UNUSED_FUNCTION = YES;
				GCC_WARN_UNUSED_VARIABLE = YES;
				LOCALIZATION_PREFERS_STRING_CATALOGS = YES;
				MACOSX_DEPLOYMENT_TARGET = 15.5;
				MTL_ENABLE_DEBUG_INFO = INCLUDE_SOURCE;
				MTL_FAST_MATH = YES;
				ONLY_ACTIVE_ARCH = YES;
				SDKROOT = macosx;
				SWIFT_ACTIVE_COMPILATION_CONDITIONS = "DEBUG $(inherited)";
				SWIFT_OPTIMIZATION_LEVEL = "-Onone";
			};
			name = Debug;
		};
		4887BFCC2E465EBB000BE4AC /* Release */ = {
			isa = XCBuildConfiguration;
			buildSettings = {
				ALWAYS_SEARCH_USER_PATHS = NO;
				ASSETCATALOG_COMPILER_GENERATE_SWIFT_ASSET_SYMBOL_EXTENSIONS = YES;
				CLANG_ANALYZER_NONNULL = YES;
				CLANG_ANALYZER_NUMBER_OBJECT_CONVERSION = YES_AGGRESSIVE;
				CLANG_CXX_LANGUAGE_STANDARD = "gnu++20";
				CLANG_ENABLE_MODULES = YES;
				CLANG_ENABLE_OBJC_ARC = YES;
				CLANG_ENABLE_OBJC_WEAK = YES;
				CLANG_WARN_BLOCK_CAPTURE_AUTORELEASING = YES;
				CLANG_WARN_BOOL_CONVERSION = YES;
				CLANG_WARN_COMMA = YES;
				CLANG_WARN_CONSTANT_CONVERSION = YES;
				CLANG_WARN_DEPRECATED_OBJC_IMPLEMENTATIONS = YES;
				CLANG_WARN_DIRECT_OBJC_ISA_USAGE = YES_ERROR;
				CLANG_WARN_DOCUMENTATION_COMMENTS = YES;
				CLANG_WARN_EMPTY_BODY = YES;
				CLANG_WARN_ENUM_CONVERSION = YES;
				CLANG_WARN_INFINITE_RECURSION = YES;
				CLANG_WARN_INT_CONVERSION = YES;
				CLANG_WARN_NON_LITERAL_NULL_CONVERSION = YES;
				CLANG_WARN_OBJC_IMPLICIT_RETAIN_SELF = YES;
				CLANG_WARN_OBJC_LITERAL_CONVERSION = YES;
				CLANG_WARN_OBJC_ROOT_CLASS = YES_ERROR;
				CLANG_WARN_QUOTED_INCLUDE_IN_FRAMEWORK_HEADER = YES;
				CLANG_WARN_RANGE_LOOP_ANALYSIS = YES;
				CLANG_WARN_STRICT_PROTOTYPES = YES;
				CLANG_WARN_SUSPICIOUS_MOVE = YES;
				CLANG_WARN_UNGUARDED_AVAILABILITY = YES_AGGRESSIVE;
				CLANG_WARN_UNREACHABLE_CODE = YES;
				CLANG_WARN__DUPLICATE_METHOD_MATCH = YES;
				COPY_PHASE_STRIP = NO;
				DEBUG_INFORMATION_FORMAT = "dwarf-with-dsym";
				ENABLE_NS_ASSERTIONS = NO;
				ENABLE_STRICT_OBJC_MSGSEND = YES;
				ENABLE_USER_SCRIPT_SANDBOXING = YES;
				GCC_C_LANGUAGE_STANDARD = gnu17;
				GCC_NO_COMMON_BLOCKS = YES;
				GCC_WARN_64_TO_32_BIT_CONVERSION = YES;
				GCC_WARN_ABOUT_RETURN_TYPE = YES_ERROR;
				GCC_WARN_UNDECLARED_SELECTOR = YES;
				GCC_WARN_UNINITIALIZED_AUTOS = YES_AGGRESSIVE;
				GCC_WARN_UNUSED_FUNCTION = YES;
				GCC_WARN_UNUSED_VARIABLE = YES;
				LOCALIZATION_PREFERS_STRING_CATALOGS = YES;
				MACOSX_DEPLOYMENT_TARGET = 15.5;
				MTL_ENABLE_DEBUG_INFO = NO;
				MTL_FAST_MATH = YES;
				SDKROOT = macosx;
				SWIFT_COMPILATION_MODE = wholemodule;
			};
			name = Release;
		};
		4887BFCE2E465EBB000BE4AC /* Debug */ = {
			isa = XCBuildConfiguration;
			buildSettings = {
				ASSETCATALOG_COMPILER_APPICON_NAME = AppIcon;
				ASSETCATALOG_COMPILER_GLOBAL_ACCENT_COLOR_NAME = AccentColor;
				CLANG_ENABLE_MODULES = YES;
				CODE_SIGN_ENTITLEMENTS = InstaFlow.entitlements;
				CODE_SIGN_STYLE = Automatic;
				COMBINE_HIDPI_IMAGES = YES;
				CURRENT_PROJECT_VERSION = 1;
				DEVELOPMENT_TEAM = 8UBF7956DG;
				ENABLE_HARDENED_RUNTIME = YES;
				ENABLE_PREVIEWS = YES;
				GENERATE_INFOPLIST_FILE = YES;
				INFOPLIST_KEY_CFBundleDisplayName = CreateFlow;
				INFOPLIST_KEY_NSHumanReadableCopyright = "";
				LD_RUNPATH_SEARCH_PATHS = (
					"$(inherited)",
					"@executable_path/../Frameworks",
				);
				MACOSX_DEPLOYMENT_TARGET = 14.6;
				MARKETING_VERSION = 1.0;
				PRODUCT_BUNDLE_IDENTIFIER = andremoonen.CreateFlow;
				PRODUCT_NAME = CreateFlow;
				REGISTER_APP_GROUPS = YES;
				SWIFT_EMIT_LOC_STRINGS = YES;
				SWIFT_OPTIMIZATION_LEVEL = "-Onone";
				SWIFT_VERSION = 5.0;
			};
			name = Debug;
		};
		4887BFCF2E465EBB000BE4AC /* Release */ = {
			isa = XCBuildConfiguration;
			buildSettings = {
				ASSETCATALOG_COMPILER_APPICON_NAME = AppIcon;
				ASSETCATALOG_COMPILER_GLOBAL_ACCENT_COLOR_NAME = AccentColor;
				CLANG_ENABLE_MODULES = YES;
				CODE_SIGN_ENTITLEMENTS = InstaFlow.entitlements;
				CODE_SIGN_STYLE = Automatic;
				COMBINE_HIDPI_IMAGES = YES;
				CURRENT_PROJECT_VERSION = 1;
				DEVELOPMENT_TEAM = 8UBF7956DG;
				ENABLE_HARDENED_RUNTIME = YES;
				ENABLE_PREVIEWS = YES;
				GENERATE_INFOPLIST_FILE = YES;
				INFOPLIST_KEY_CFBundleDisplayName = CreateFlow;
				INFOPLIST_KEY_NSHumanReadableCopyright = "";
				LD_RUNPATH_SEARCH_PATHS = (
					"$(inherited)",
					"@executable_path/../Frameworks",
				);
				MACOSX_DEPLOYMENT_TARGET = 14.6;
				MARKETING_VERSION = 1.0;
				PRODUCT_BUNDLE_IDENTIFIER = andremoonen.CreateFlow;
				PRODUCT_NAME = CreateFlow;
				REGISTER_APP_GROUPS = YES;
				SWIFT_EMIT_LOC_STRINGS = YES;
				SWIFT_VERSION = 5.0;
			};
			name = Release;
		};
		4887BFD12E465EBB000BE4AC /* Debug */ = {
			isa = XCBuildConfiguration;
			buildSettings = {
				BUNDLE_LOADER = "$(TEST_HOST)";
				CODE_SIGN_STYLE = Automatic;
				CURRENT_PROJECT_VERSION = 1;
				GENERATE_INFOPLIST_FILE = YES;
				MACOSX_DEPLOYMENT_TARGET = 15.5;
				MARKETING_VERSION = 1.0;
				PRODUCT_BUNDLE_IDENTIFIER = andredominique.InstaFlowTests;
				PRODUCT_NAME = "$(TARGET_NAME)";
				SWIFT_EMIT_LOC_STRINGS = NO;
				SWIFT_VERSION = 5.0;
				TEST_HOST = "$(BUILT_PRODUCTS_DIR)/InstaFlow.app/$(BUNDLE_EXECUTABLE_FOLDER_PATH)/InstaFlow";
			};
			name = Debug;
		};
		4887BFD22E465EBB000BE4AC /* Release */ = {
			isa = XCBuildConfiguration;
			buildSettings = {
				BUNDLE_LOADER = "$(TEST_HOST)";
				CODE_SIGN_STYLE = Automatic;
				CURRENT_PROJECT_VERSION = 1;
				GENERATE_INFOPLIST_FILE = YES;
				MACOSX_DEPLOYMENT_TARGET = 15.5;
				MARKETING_VERSION = 1.0;
				PRODUCT_BUNDLE_IDENTIFIER = andredominique.InstaFlowTests;
				PRODUCT_NAME = "$(TARGET_NAME)";
				SWIFT_EMIT_LOC_STRINGS = NO;
				SWIFT_VERSION = 5.0;
				TEST_HOST = "$(BUILT_PRODUCTS_DIR)/InstaFlow.app/$(BUNDLE_EXECUTABLE_FOLDER_PATH)/InstaFlow";
			};
			name = Release;
		};
		4887BFD42E465EBB000BE4AC /* Debug */ = {
			isa = XCBuildConfiguration;
			buildSettings = {
				CODE_SIGN_STYLE = Automatic;
				CURRENT_PROJECT_VERSION = 1;
				GENERATE_INFOPLIST_FILE = YES;
				MARKETING_VERSION = 1.0;
				PRODUCT_BUNDLE_IDENTIFIER = andredominique.InstaFlowUITests;
				PRODUCT_NAME = "$(TARGET_NAME)";
				SWIFT_EMIT_LOC_STRINGS = NO;
				SWIFT_VERSION = 5.0;
				TEST_TARGET_NAME = InstaFlow;
			};
			name = Debug;
		};
		4887BFD52E465EBB000BE4AC /* Release */ = {
			isa = XCBuildConfiguration;
			buildSettings = {
				CODE_SIGN_STYLE = Automatic;
				CURRENT_PROJECT_VERSION = 1;
				GENERATE_INFOPLIST_FILE = YES;
				MARKETING_VERSION = 1.0;
				PRODUCT_BUNDLE_IDENTIFIER = andredominique.InstaFlowUITests;
				PRODUCT_NAME = "$(TARGET_NAME)";
				SWIFT_EMIT_LOC_STRINGS = NO;
				SWIFT_VERSION = 5.0;
				TEST_TARGET_NAME = InstaFlow;
			};
			name = Release;
		};
/* End XCBuildConfiguration section */

/* Begin XCConfigurationList section */
		4887BFA62E465EB9000BE4AC /* Build configuration list for PBXProject "CreateFlow" */ = {
			isa = XCConfigurationList;
			buildConfigurations = (
				4887BFCB2E465EBB000BE4AC /* Debug */,
				4887BFCC2E465EBB000BE4AC /* Release */,
			);
			defaultConfigurationIsVisible = 0;
			defaultConfigurationName = Release;
		};
		4887BFCD2E465EBB000BE4AC /* Build configuration list for PBXNativeTarget "CreateFlow" */ = {
			isa = XCConfigurationList;
			buildConfigurations = (
				4887BFCE2E465EBB000BE4AC /* Debug */,
				4887BFCF2E465EBB000BE4AC /* Release */,
			);
			defaultConfigurationIsVisible = 0;
			defaultConfigurationName = Release;
		};
		4887BFD02E465EBB000BE4AC /* Build configuration list for PBXNativeTarget "CreateFlowTests" */ = {
			isa = XCConfigurationList;
			buildConfigurations = (
				4887BFD12E465EBB000BE4AC /* Debug */,
				4887BFD22E465EBB000BE4AC /* Release */,
			);
			defaultConfigurationIsVisible = 0;
			defaultConfigurationName = Release;
		};
		4887BFD32E465EBB000BE4AC /* Build configuration list for PBXNativeTarget "CreateFlowUITests" */ = {
			isa = XCConfigurationList;
			buildConfigurations = (
				4887BFD42E465EBB000BE4AC /* Debug */,
				4887BFD52E465EBB000BE4AC /* Release */,
			);
			defaultConfigurationIsVisible = 0;
			defaultConfigurationName = Release;
		};
/* End XCConfigurationList section */
	};
	rootObject = 4887BFA32E465EB9000BE4AC /* Project object */;
}
